// !$*UTF8*$!
{
	archiveVersion = 1;
	classes = {
	};
	objectVersion = 46;
	objects = {

/* Begin PBXBuildFile section */
		F912A2CB1D68A1C300136202 /* NoticiaStoryBoard.storyboard in Resources */ = {isa = PBXBuildFile; fileRef = F912A2CA1D68A1C300136202 /* NoticiaStoryBoard.storyboard */; };
		F912A2CE1D68A4ED00136202 /* ForumTableViewController.m in Sources */ = {isa = PBXBuildFile; fileRef = F912A2CD1D68A4ED00136202 /* ForumTableViewController.m */; };
		F912A2D21D68A52900136202 /* Forum.m in Sources */ = {isa = PBXBuildFile; fileRef = F912A2D11D68A52900136202 /* Forum.m */; };
		F912A2D51D68AC5900136202 /* TopicoTableViewController.m in Sources */ = {isa = PBXBuildFile; fileRef = F912A2D41D68AC5900136202 /* TopicoTableViewController.m */; };
		F912A2D81D68AC9E00136202 /* ForumTemaTableViewCell.m in Sources */ = {isa = PBXBuildFile; fileRef = F912A2D71D68AC9E00136202 /* ForumTemaTableViewCell.m */; };
		F912A2DB1D68C73200136202 /* NovaDiscussaoViewController.m in Sources */ = {isa = PBXBuildFile; fileRef = F912A2DA1D68C73200136202 /* NovaDiscussaoViewController.m */; };
		F912A2DE1D68D4BD00136202 /* TopicosTableViewCell.m in Sources */ = {isa = PBXBuildFile; fileRef = F912A2DD1D68D4BD00136202 /* TopicosTableViewCell.m */; };
		F912A2E01D68F03F00136202 /* ForumStoryboard.storyboard in Resources */ = {isa = PBXBuildFile; fileRef = F912A2DF1D68F03F00136202 /* ForumStoryboard.storyboard */; };
		F93D94C31D66777100DFF019 /* Realm.framework in Frameworks */ = {isa = PBXBuildFile; fileRef = F93D94C21D66777000DFF019 /* Realm.framework */; };
		F93D94C41D66777100DFF019 /* Realm.framework in Embed Frameworks */ = {isa = PBXBuildFile; fileRef = F93D94C21D66777000DFF019 /* Realm.framework */; settings = {ATTRIBUTES = (CodeSignOnCopy, RemoveHeadersOnCopy, ); }; };
		F93D94C91D6679CF00DFF019 /* NoticiasTableViewController.m in Sources */ = {isa = PBXBuildFile; fileRef = F93D94C81D6679CF00DFF019 /* NoticiasTableViewController.m */; };
		F93D94CC1D667D9400DFF019 /* NoticiaTableViewCell.m in Sources */ = {isa = PBXBuildFile; fileRef = F93D94CB1D667D9400DFF019 /* NoticiaTableViewCell.m */; };
		F93D94CF1D6681EA00DFF019 /* Noticia.m in Sources */ = {isa = PBXBuildFile; fileRef = F93D94CE1D6681EA00DFF019 /* Noticia.m */; };
		F94B87451D67E5C100F73801 /* NoticiaViewController.m in Sources */ = {isa = PBXBuildFile; fileRef = F94B87441D67E5C100F73801 /* NoticiaViewController.m */; };
		F94B87481D67E85000F73801 /* NovaNoticiaViewController.m in Sources */ = {isa = PBXBuildFile; fileRef = F94B87471D67E85000F73801 /* NovaNoticiaViewController.m */; };
		F95A66061D60E76C0051C84A /* LoginViewController.m in Sources */ = {isa = PBXBuildFile; fileRef = F95A66051D60E76C0051C84A /* LoginViewController.m */; };
		F970A48B1D63D0510090032B /* HomeViewController.m in Sources */ = {isa = PBXBuildFile; fileRef = F970A48A1D63D0510090032B /* HomeViewController.m */; };
		F9C259C21D5A98FF00CF9DF3 /* main.m in Sources */ = {isa = PBXBuildFile; fileRef = F9C259C11D5A98FF00CF9DF3 /* main.m */; };
		F9C259C51D5A98FF00CF9DF3 /* AppDelegate.m in Sources */ = {isa = PBXBuildFile; fileRef = F9C259C41D5A98FF00CF9DF3 /* AppDelegate.m */; };
		F9C259C81D5A98FF00CF9DF3 /* ViewController.m in Sources */ = {isa = PBXBuildFile; fileRef = F9C259C71D5A98FF00CF9DF3 /* ViewController.m */; };
		F9C259CB1D5A98FF00CF9DF3 /* Main.storyboard in Resources */ = {isa = PBXBuildFile; fileRef = F9C259C91D5A98FF00CF9DF3 /* Main.storyboard */; };
		F9C259CD1D5A98FF00CF9DF3 /* Assets.xcassets in Resources */ = {isa = PBXBuildFile; fileRef = F9C259CC1D5A98FF00CF9DF3 /* Assets.xcassets */; };
		F9C259D01D5A98FF00CF9DF3 /* LaunchScreen.storyboard in Resources */ = {isa = PBXBuildFile; fileRef = F9C259CE1D5A98FF00CF9DF3 /* LaunchScreen.storyboard */; };
/* End PBXBuildFile section */

/* Begin PBXCopyFilesBuildPhase section */
		F93D94C51D66777100DFF019 /* Embed Frameworks */ = {
			isa = PBXCopyFilesBuildPhase;
			buildActionMask = 2147483647;
			dstPath = "";
			dstSubfolderSpec = 10;
			files = (
				F93D94C41D66777100DFF019 /* Realm.framework in Embed Frameworks */,
			);
			name = "Embed Frameworks";
			runOnlyForDeploymentPostprocessing = 0;
		};
/* End PBXCopyFilesBuildPhase section */

/* Begin PBXFileReference section */
		F912A2CA1D68A1C300136202 /* NoticiaStoryBoard.storyboard */ = {isa = PBXFileReference; fileEncoding = 4; lastKnownFileType = file.storyboard; path = NoticiaStoryBoard.storyboard; sourceTree = "<group>"; };
		F912A2CC1D68A4ED00136202 /* ForumTableViewController.h */ = {isa = PBXFileReference; fileEncoding = 4; lastKnownFileType = sourcecode.c.h; path = ForumTableViewController.h; sourceTree = "<group>"; };
		F912A2CD1D68A4ED00136202 /* ForumTableViewController.m */ = {isa = PBXFileReference; fileEncoding = 4; lastKnownFileType = sourcecode.c.objc; path = ForumTableViewController.m; sourceTree = "<group>"; };
		F912A2D01D68A52900136202 /* Forum.h */ = {isa = PBXFileReference; fileEncoding = 4; lastKnownFileType = sourcecode.c.h; path = Forum.h; sourceTree = "<group>"; };
		F912A2D11D68A52900136202 /* Forum.m */ = {isa = PBXFileReference; fileEncoding = 4; lastKnownFileType = sourcecode.c.objc; path = Forum.m; sourceTree = "<group>"; };
		F912A2D31D68AC5900136202 /* TopicoTableViewController.h */ = {isa = PBXFileReference; fileEncoding = 4; lastKnownFileType = sourcecode.c.h; path = TopicoTableViewController.h; sourceTree = "<group>"; };
		F912A2D41D68AC5900136202 /* TopicoTableViewController.m */ = {isa = PBXFileReference; fileEncoding = 4; lastKnownFileType = sourcecode.c.objc; path = TopicoTableViewController.m; sourceTree = "<group>"; };
		F912A2D61D68AC9E00136202 /* ForumTemaTableViewCell.h */ = {isa = PBXFileReference; fileEncoding = 4; lastKnownFileType = sourcecode.c.h; path = ForumTemaTableViewCell.h; sourceTree = "<group>"; };
		F912A2D71D68AC9E00136202 /* ForumTemaTableViewCell.m */ = {isa = PBXFileReference; fileEncoding = 4; lastKnownFileType = sourcecode.c.objc; path = ForumTemaTableViewCell.m; sourceTree = "<group>"; };
		F912A2D91D68C73200136202 /* NovaDiscussaoViewController.h */ = {isa = PBXFileReference; fileEncoding = 4; lastKnownFileType = sourcecode.c.h; path = NovaDiscussaoViewController.h; sourceTree = "<group>"; };
		F912A2DA1D68C73200136202 /* NovaDiscussaoViewController.m */ = {isa = PBXFileReference; fileEncoding = 4; lastKnownFileType = sourcecode.c.objc; path = NovaDiscussaoViewController.m; sourceTree = "<group>"; };
		F912A2DC1D68D4BD00136202 /* TopicosTableViewCell.h */ = {isa = PBXFileReference; fileEncoding = 4; lastKnownFileType = sourcecode.c.h; path = TopicosTableViewCell.h; sourceTree = "<group>"; };
		F912A2DD1D68D4BD00136202 /* TopicosTableViewCell.m */ = {isa = PBXFileReference; fileEncoding = 4; lastKnownFileType = sourcecode.c.objc; path = TopicosTableViewCell.m; sourceTree = "<group>"; };
		F912A2DF1D68F03F00136202 /* ForumStoryboard.storyboard */ = {isa = PBXFileReference; fileEncoding = 4; lastKnownFileType = file.storyboard; path = ForumStoryboard.storyboard; sourceTree = "<group>"; };
		F93D94C21D66777000DFF019 /* Realm.framework */ = {isa = PBXFileReference; lastKnownFileType = wrapper.framework; path = Realm.framework; sourceTree = "<group>"; };
		F93D94C71D6679CF00DFF019 /* NoticiasTableViewController.h */ = {isa = PBXFileReference; fileEncoding = 4; lastKnownFileType = sourcecode.c.h; path = NoticiasTableViewController.h; sourceTree = "<group>"; };
		F93D94C81D6679CF00DFF019 /* NoticiasTableViewController.m */ = {isa = PBXFileReference; fileEncoding = 4; lastKnownFileType = sourcecode.c.objc; path = NoticiasTableViewController.m; sourceTree = "<group>"; };
		F93D94CA1D667D9400DFF019 /* NoticiaTableViewCell.h */ = {isa = PBXFileReference; fileEncoding = 4; lastKnownFileType = sourcecode.c.h; path = NoticiaTableViewCell.h; sourceTree = "<group>"; };
		F93D94CB1D667D9400DFF019 /* NoticiaTableViewCell.m */ = {isa = PBXFileReference; fileEncoding = 4; lastKnownFileType = sourcecode.c.objc; path = NoticiaTableViewCell.m; sourceTree = "<group>"; };
		F93D94CD1D6681EA00DFF019 /* Noticia.h */ = {isa = PBXFileReference; fileEncoding = 4; lastKnownFileType = sourcecode.c.h; path = Noticia.h; sourceTree = "<group>"; };
		F93D94CE1D6681EA00DFF019 /* Noticia.m */ = {isa = PBXFileReference; fileEncoding = 4; lastKnownFileType = sourcecode.c.objc; path = Noticia.m; sourceTree = "<group>"; };
		F94B87431D67E5C100F73801 /* NoticiaViewController.h */ = {isa = PBXFileReference; fileEncoding = 4; lastKnownFileType = sourcecode.c.h; path = NoticiaViewController.h; sourceTree = "<group>"; };
		F94B87441D67E5C100F73801 /* NoticiaViewController.m */ = {isa = PBXFileReference; fileEncoding = 4; lastKnownFileType = sourcecode.c.objc; path = NoticiaViewController.m; sourceTree = "<group>"; };
		F94B87461D67E85000F73801 /* NovaNoticiaViewController.h */ = {isa = PBXFileReference; fileEncoding = 4; lastKnownFileType = sourcecode.c.h; path = NovaNoticiaViewController.h; sourceTree = "<group>"; };
		F94B87471D67E85000F73801 /* NovaNoticiaViewController.m */ = {isa = PBXFileReference; fileEncoding = 4; lastKnownFileType = sourcecode.c.objc; path = NovaNoticiaViewController.m; sourceTree = "<group>"; };
		F95A66041D60E76C0051C84A /* LoginViewController.h */ = {isa = PBXFileReference; fileEncoding = 4; lastKnownFileType = sourcecode.c.h; path = LoginViewController.h; sourceTree = "<group>"; };
		F95A66051D60E76C0051C84A /* LoginViewController.m */ = {isa = PBXFileReference; fileEncoding = 4; lastKnownFileType = sourcecode.c.objc; path = LoginViewController.m; sourceTree = "<group>"; };
		F970A4891D63D0510090032B /* HomeViewController.h */ = {isa = PBXFileReference; fileEncoding = 4; lastKnownFileType = sourcecode.c.h; path = HomeViewController.h; sourceTree = "<group>"; };
		F970A48A1D63D0510090032B /* HomeViewController.m */ = {isa = PBXFileReference; fileEncoding = 4; lastKnownFileType = sourcecode.c.objc; path = HomeViewController.m; sourceTree = "<group>"; };
		F9C259BD1D5A98FF00CF9DF3 /* gescon.app */ = {isa = PBXFileReference; explicitFileType = wrapper.application; includeInIndex = 0; path = gescon.app; sourceTree = BUILT_PRODUCTS_DIR; };
		F9C259C11D5A98FF00CF9DF3 /* main.m */ = {isa = PBXFileReference; lastKnownFileType = sourcecode.c.objc; path = main.m; sourceTree = "<group>"; };
		F9C259C31D5A98FF00CF9DF3 /* AppDelegate.h */ = {isa = PBXFileReference; lastKnownFileType = sourcecode.c.h; path = AppDelegate.h; sourceTree = "<group>"; };
		F9C259C41D5A98FF00CF9DF3 /* AppDelegate.m */ = {isa = PBXFileReference; lastKnownFileType = sourcecode.c.objc; path = AppDelegate.m; sourceTree = "<group>"; };
		F9C259C61D5A98FF00CF9DF3 /* ViewController.h */ = {isa = PBXFileReference; lastKnownFileType = sourcecode.c.h; path = ViewController.h; sourceTree = "<group>"; };
		F9C259C71D5A98FF00CF9DF3 /* ViewController.m */ = {isa = PBXFileReference; lastKnownFileType = sourcecode.c.objc; path = ViewController.m; sourceTree = "<group>"; };
		F9C259CA1D5A98FF00CF9DF3 /* Base */ = {isa = PBXFileReference; lastKnownFileType = file.storyboard; name = Base; path = Base.lproj/Main.storyboard; sourceTree = "<group>"; };
		F9C259CC1D5A98FF00CF9DF3 /* Assets.xcassets */ = {isa = PBXFileReference; lastKnownFileType = folder.assetcatalog; path = Assets.xcassets; sourceTree = "<group>"; };
		F9C259CF1D5A98FF00CF9DF3 /* Base */ = {isa = PBXFileReference; lastKnownFileType = file.storyboard; name = Base; path = Base.lproj/LaunchScreen.storyboard; sourceTree = "<group>"; };
		F9C259D11D5A98FF00CF9DF3 /* Info.plist */ = {isa = PBXFileReference; lastKnownFileType = text.plist.xml; path = Info.plist; sourceTree = "<group>"; };
/* End PBXFileReference section */

/* Begin PBXFrameworksBuildPhase section */
		F9C259BA1D5A98FF00CF9DF3 /* Frameworks */ = {
			isa = PBXFrameworksBuildPhase;
			buildActionMask = 2147483647;
			files = (
				F93D94C31D66777100DFF019 /* Realm.framework in Frameworks */,
			);
			runOnlyForDeploymentPostprocessing = 0;
		};
/* End PBXFrameworksBuildPhase section */

/* Begin PBXGroup section */
		F912A2C91D68A11300136202 /* Noticia */ = {
			isa = PBXGroup;
			children = (
				F93D94C71D6679CF00DFF019 /* NoticiasTableViewController.h */,
				F93D94C81D6679CF00DFF019 /* NoticiasTableViewController.m */,
				F93D94CA1D667D9400DFF019 /* NoticiaTableViewCell.h */,
				F93D94CB1D667D9400DFF019 /* NoticiaTableViewCell.m */,
				F93D94CD1D6681EA00DFF019 /* Noticia.h */,
				F93D94CE1D6681EA00DFF019 /* Noticia.m */,
				F94B87431D67E5C100F73801 /* NoticiaViewController.h */,
				F94B87441D67E5C100F73801 /* NoticiaViewController.m */,
				F94B87461D67E85000F73801 /* NovaNoticiaViewController.h */,
				F94B87471D67E85000F73801 /* NovaNoticiaViewController.m */,
				F912A2CA1D68A1C300136202 /* NoticiaStoryBoard.storyboard */,
			);
			name = Noticia;
			sourceTree = "<group>";
		};
		F912A2CF1D68A4F700136202 /* Forum */ = {
			isa = PBXGroup;
			children = (
				F912A2D01D68A52900136202 /* Forum.h */,
				F912A2D11D68A52900136202 /* Forum.m */,
				F912A2CC1D68A4ED00136202 /* ForumTableViewController.h */,
				F912A2CD1D68A4ED00136202 /* ForumTableViewController.m */,
				F912A2D61D68AC9E00136202 /* ForumTemaTableViewCell.h */,
				F912A2D71D68AC9E00136202 /* ForumTemaTableViewCell.m */,
				F912A2D31D68AC5900136202 /* TopicoTableViewController.h */,
				F912A2D41D68AC5900136202 /* TopicoTableViewController.m */,
				F912A2D91D68C73200136202 /* NovaDiscussaoViewController.h */,
				F912A2DA1D68C73200136202 /* NovaDiscussaoViewController.m */,
				F912A2DC1D68D4BD00136202 /* TopicosTableViewCell.h */,
				F912A2DD1D68D4BD00136202 /* TopicosTableViewCell.m */,
				F912A2DF1D68F03F00136202 /* ForumStoryboard.storyboard */,
			);
			name = Forum;
			sourceTree = "<group>";
		};
		F9C259B41D5A98FF00CF9DF3 = {
			isa = PBXGroup;
			children = (
				F93D94C21D66777000DFF019 /* Realm.framework */,
				F9C259BF1D5A98FF00CF9DF3 /* gescon */,
				F9C259BE1D5A98FF00CF9DF3 /* Products */,
			);
			sourceTree = "<group>";
		};
		F9C259BE1D5A98FF00CF9DF3 /* Products */ = {
			isa = PBXGroup;
			children = (
				F9C259BD1D5A98FF00CF9DF3 /* gescon.app */,
			);
			name = Products;
			sourceTree = "<group>";
		};
		F9C259BF1D5A98FF00CF9DF3 /* gescon */ = {
			isa = PBXGroup;
			children = (
				F912A2CF1D68A4F700136202 /* Forum */,
				F912A2C91D68A11300136202 /* Noticia */,
				F9C259C31D5A98FF00CF9DF3 /* AppDelegate.h */,
				F9C259C41D5A98FF00CF9DF3 /* AppDelegate.m */,
				F9C259C61D5A98FF00CF9DF3 /* ViewController.h */,
				F9C259C71D5A98FF00CF9DF3 /* ViewController.m */,
				F95A66041D60E76C0051C84A /* LoginViewController.h */,
				F95A66051D60E76C0051C84A /* LoginViewController.m */,
				F970A4891D63D0510090032B /* HomeViewController.h */,
				F970A48A1D63D0510090032B /* HomeViewController.m */,
				F9C259C91D5A98FF00CF9DF3 /* Main.storyboard */,
				F9C259CC1D5A98FF00CF9DF3 /* Assets.xcassets */,
				F9C259CE1D5A98FF00CF9DF3 /* LaunchScreen.storyboard */,
				F9C259D11D5A98FF00CF9DF3 /* Info.plist */,
				F9C259C01D5A98FF00CF9DF3 /* Supporting Files */,
			);
			path = gescon;
			sourceTree = "<group>";
		};
		F9C259C01D5A98FF00CF9DF3 /* Supporting Files */ = {
			isa = PBXGroup;
			children = (
				F9C259C11D5A98FF00CF9DF3 /* main.m */,
			);
			name = "Supporting Files";
			sourceTree = "<group>";
		};
/* End PBXGroup section */

/* Begin PBXNativeTarget section */
		F9C259BC1D5A98FF00CF9DF3 /* gescon */ = {
			isa = PBXNativeTarget;
			buildConfigurationList = F9C259D41D5A98FF00CF9DF3 /* Build configuration list for PBXNativeTarget "gescon" */;
			buildPhases = (
				F9C259B91D5A98FF00CF9DF3 /* Sources */,
				F9C259BA1D5A98FF00CF9DF3 /* Frameworks */,
				F9C259BB1D5A98FF00CF9DF3 /* Resources */,
				F93D94C51D66777100DFF019 /* Embed Frameworks */,
				F93D94C61D6677AB00DFF019 /* ShellScript */,
			);
			buildRules = (
			);
			dependencies = (
			);
			name = gescon;
			productName = gescon;
			productReference = F9C259BD1D5A98FF00CF9DF3 /* gescon.app */;
			productType = "com.apple.product-type.application";
		};
/* End PBXNativeTarget section */

/* Begin PBXProject section */
		F9C259B51D5A98FF00CF9DF3 /* Project object */ = {
			isa = PBXProject;
			attributes = {
				LastUpgradeCheck = 0730;
				ORGANIZATIONNAME = "Joshua Friso";
				TargetAttributes = {
					F9C259BC1D5A98FF00CF9DF3 = {
						CreatedOnToolsVersion = 7.3.1;
					};
				};
			};
			buildConfigurationList = F9C259B81D5A98FF00CF9DF3 /* Build configuration list for PBXProject "gescon" */;
			compatibilityVersion = "Xcode 3.2";
			developmentRegion = English;
			hasScannedForEncodings = 0;
			knownRegions = (
				en,
				Base,
			);
			mainGroup = F9C259B41D5A98FF00CF9DF3;
			productRefGroup = F9C259BE1D5A98FF00CF9DF3 /* Products */;
			projectDirPath = "";
			projectRoot = "";
			targets = (
				F9C259BC1D5A98FF00CF9DF3 /* gescon */,
			);
		};
/* End PBXProject section */

/* Begin PBXResourcesBuildPhase section */
		F9C259BB1D5A98FF00CF9DF3 /* Resources */ = {
			isa = PBXResourcesBuildPhase;
			buildActionMask = 2147483647;
			files = (
				F9C259D01D5A98FF00CF9DF3 /* LaunchScreen.storyboard in Resources */,
				F9C259CD1D5A98FF00CF9DF3 /* Assets.xcassets in Resources */,
				F9C259CB1D5A98FF00CF9DF3 /* Main.storyboard in Resources */,
				F912A2E01D68F03F00136202 /* ForumStoryboard.storyboard in Resources */,
				F912A2CB1D68A1C300136202 /* NoticiaStoryBoard.storyboard in Resources */,
			);
			runOnlyForDeploymentPostprocessing = 0;
		};
/* End PBXResourcesBuildPhase section */

/* Begin PBXShellScriptBuildPhase section */
		F93D94C61D6677AB00DFF019 /* ShellScript */ = {
			isa = PBXShellScriptBuildPhase;
			buildActionMask = 2147483647;
			files = (
			);
			inputPaths = (
			);
			outputPaths = (
			);
			runOnlyForDeploymentPostprocessing = 0;
			shellPath = /bin/sh;
			shellScript = "bash \"${BUILT_PRODUCTS_DIR}/${FRAMEWORKS_FOLDER_PATH}/Realm.framework/strip-frameworks.sh\"";
		};
/* End PBXShellScriptBuildPhase section */

/* Begin PBXSourcesBuildPhase section */
		F9C259B91D5A98FF00CF9DF3 /* Sources */ = {
			isa = PBXSourcesBuildPhase;
			buildActionMask = 2147483647;
			files = (
				F912A2CE1D68A4ED00136202 /* ForumTableViewController.m in Sources */,
				F95A66061D60E76C0051C84A /* LoginViewController.m in Sources */,
				F912A2D81D68AC9E00136202 /* ForumTemaTableViewCell.m in Sources */,
				F9C259C81D5A98FF00CF9DF3 /* ViewController.m in Sources */,
				F912A2DE1D68D4BD00136202 /* TopicosTableViewCell.m in Sources */,
				F912A2D21D68A52900136202 /* Forum.m in Sources */,
				F9C259C51D5A98FF00CF9DF3 /* AppDelegate.m in Sources */,
				F912A2D51D68AC5900136202 /* TopicoTableViewController.m in Sources */,
				F94B87451D67E5C100F73801 /* NoticiaViewController.m in Sources */,
				F93D94CF1D6681EA00DFF019 /* Noticia.m in Sources */,
				F912A2DB1D68C73200136202 /* NovaDiscussaoViewController.m in Sources */,
				F970A48B1D63D0510090032B /* HomeViewController.m in Sources */,
				F94B87481D67E85000F73801 /* NovaNoticiaViewController.m in Sources */,
				F93D94CC1D667D9400DFF019 /* NoticiaTableViewCell.m in Sources */,
				F9C259C21D5A98FF00CF9DF3 /* main.m in Sources */,
				F93D94C91D6679CF00DFF019 /* NoticiasTableViewController.m in Sources */,
			);
			runOnlyForDeploymentPostprocessing = 0;
		};
/* End PBXSourcesBuildPhase section */

/* Begin PBXVariantGroup section */
		F9C259C91D5A98FF00CF9DF3 /* Main.storyboard */ = {
			isa = PBXVariantGroup;
			children = (
				F9C259CA1D5A98FF00CF9DF3 /* Base */,
			);
			name = Main.storyboard;
			sourceTree = "<group>";
		};
		F9C259CE1D5A98FF00CF9DF3 /* LaunchScreen.storyboard */ = {
			isa = PBXVariantGroup;
			children = (
				F9C259CF1D5A98FF00CF9DF3 /* Base */,
			);
			name = LaunchScreen.storyboard;
			sourceTree = "<group>";
		};
/* End PBXVariantGroup section */

/* Begin XCBuildConfiguration section */
		F9C259D21D5A98FF00CF9DF3 /* Debug */ = {
			isa = XCBuildConfiguration;
			buildSettings = {
				ALWAYS_SEARCH_USER_PATHS = NO;
				CLANG_ANALYZER_NONNULL = YES;
				CLANG_CXX_LANGUAGE_STANDARD = "gnu++0x";
				CLANG_CXX_LIBRARY = "libc++";
				CLANG_ENABLE_MODULES = YES;
				CLANG_ENABLE_OBJC_ARC = YES;
				CLANG_WARN_BOOL_CONVERSION = YES;
				CLANG_WARN_CONSTANT_CONVERSION = YES;
				CLANG_WARN_DIRECT_OBJC_ISA_USAGE = YES_ERROR;
				CLANG_WARN_EMPTY_BODY = YES;
				CLANG_WARN_ENUM_CONVERSION = YES;
				CLANG_WARN_INT_CONVERSION = YES;
				CLANG_WARN_OBJC_ROOT_CLASS = YES_ERROR;
				CLANG_WARN_UNREACHABLE_CODE = YES;
				CLANG_WARN__DUPLICATE_METHOD_MATCH = YES;
				"CODE_SIGN_IDENTITY[sdk=iphoneos*]" = "iPhone Developer";
				COPY_PHASE_STRIP = NO;
				DEBUG_INFORMATION_FORMAT = dwarf;
				ENABLE_STRICT_OBJC_MSGSEND = YES;
				ENABLE_TESTABILITY = YES;
				GCC_C_LANGUAGE_STANDARD = gnu99;
				GCC_DYNAMIC_NO_PIC = NO;
				GCC_NO_COMMON_BLOCKS = YES;
				GCC_OPTIMIZATION_LEVEL = 0;
				GCC_PREPROCESSOR_DEFINITIONS = (
					"DEBUG=1",
					"$(inherited)",
				);
				GCC_WARN_64_TO_32_BIT_CONVERSION = YES;
				GCC_WARN_ABOUT_RETURN_TYPE = YES_ERROR;
				GCC_WARN_UNDECLARED_SELECTOR = YES;
				GCC_WARN_UNINITIALIZED_AUTOS = YES_AGGRESSIVE;
				GCC_WARN_UNUSED_FUNCTION = YES;
				GCC_WARN_UNUSED_VARIABLE = YES;
				IPHONEOS_DEPLOYMENT_TARGET = 9.3;
				MTL_ENABLE_DEBUG_INFO = YES;
				ONLY_ACTIVE_ARCH = YES;
				SDKROOT = iphoneos;
				TARGETED_DEVICE_FAMILY = "1,2";
			};
			name = Debug;
		};
		F9C259D31D5A98FF00CF9DF3 /* Release */ = {
			isa = XCBuildConfiguration;
			buildSettings = {
				ALWAYS_SEARCH_USER_PATHS = NO;
				CLANG_ANALYZER_NONNULL = YES;
				CLANG_CXX_LANGUAGE_STANDARD = "gnu++0x";
				CLANG_CXX_LIBRARY = "libc++";
				CLANG_ENABLE_MODULES = YES;
				CLANG_ENABLE_OBJC_ARC = YES;
				CLANG_WARN_BOOL_CONVERSION = YES;
				CLANG_WARN_CONSTANT_CONVERSION = YES;
				CLANG_WARN_DIRECT_OBJC_ISA_USAGE = YES_ERROR;
				CLANG_WARN_EMPTY_BODY = YES;
				CLANG_WARN_ENUM_CONVERSION = YES;
				CLANG_WARN_INT_CONVERSION = YES;
				CLANG_WARN_OBJC_ROOT_CLASS = YES_ERROR;
				CLANG_WARN_UNREACHABLE_CODE = YES;
				CLANG_WARN__DUPLICATE_METHOD_MATCH = YES;
				"CODE_SIGN_IDENTITY[sdk=iphoneos*]" = "iPhone Developer";
				COPY_PHASE_STRIP = NO;
				DEBUG_INFORMATION_FORMAT = "dwarf-with-dsym";
				ENABLE_NS_ASSERTIONS = NO;
				ENABLE_STRICT_OBJC_MSGSEND = YES;
				GCC_C_LANGUAGE_STANDARD = gnu99;
				GCC_NO_COMMON_BLOCKS = YES;
				GCC_WARN_64_TO_32_BIT_CONVERSION = YES;
				GCC_WARN_ABOUT_RETURN_TYPE = YES_ERROR;
				GCC_WARN_UNDECLARED_SELECTOR = YES;
				GCC_WARN_UNINITIALIZED_AUTOS = YES_AGGRESSIVE;
				GCC_WARN_UNUSED_FUNCTION = YES;
				GCC_WARN_UNUSED_VARIABLE = YES;
				IPHONEOS_DEPLOYMENT_TARGET = 9.3;
				MTL_ENABLE_DEBUG_INFO = NO;
				SDKROOT = iphoneos;
				TARGETED_DEVICE_FAMILY = "1,2";
				VALIDATE_PRODUCT = YES;
			};
			name = Release;
		};
		F9C259D51D5A98FF00CF9DF3 /* Debug */ = {
			isa = XCBuildConfiguration;
			buildSettings = {
				ASSETCATALOG_COMPILER_APPICON_NAME = AppIcon;
				FRAMEWORK_SEARCH_PATHS = (
					"$(inherited)",
					"$(PROJECT_DIR)",
				);
				INFOPLIST_FILE = gescon/Info.plist;
				IPHONEOS_DEPLOYMENT_TARGET = 9.0;
				LD_RUNPATH_SEARCH_PATHS = "$(inherited) @executable_path/Frameworks";
				PRODUCT_BUNDLE_IDENTIFIER = com.cincomanes.gescon;
				PRODUCT_NAME = "$(TARGET_NAME)";
			};
			name = Debug;
		};
		F9C259D61D5A98FF00CF9DF3 /* Release */ = {
			isa = XCBuildConfiguration;
			buildSettings = {
				ASSETCATALOG_COMPILER_APPICON_NAME = AppIcon;
				FRAMEWORK_SEARCH_PATHS = (
					"$(inherited)",
					"$(PROJECT_DIR)",
				);
				INFOPLIST_FILE = gescon/Info.plist;
				IPHONEOS_DEPLOYMENT_TARGET = 9.0;
				LD_RUNPATH_SEARCH_PATHS = "$(inherited) @executable_path/Frameworks";
				PRODUCT_BUNDLE_IDENTIFIER = com.cincomanes.gescon;
				PRODUCT_NAME = "$(TARGET_NAME)";
			};
			name = Release;
		};
/* End XCBuildConfiguration section */

/* Begin XCConfigurationList section */
		F9C259B81D5A98FF00CF9DF3 /* Build configuration list for PBXProject "gescon" */ = {
			isa = XCConfigurationList;
			buildConfigurations = (
				F9C259D21D5A98FF00CF9DF3 /* Debug */,
				F9C259D31D5A98FF00CF9DF3 /* Release */,
			);
			defaultConfigurationIsVisible = 0;
			defaultConfigurationName = Release;
		};
		F9C259D41D5A98FF00CF9DF3 /* Build configuration list for PBXNativeTarget "gescon" */ = {
			isa = XCConfigurationList;
			buildConfigurations = (
				F9C259D51D5A98FF00CF9DF3 /* Debug */,
				F9C259D61D5A98FF00CF9DF3 /* Release */,
			);
			defaultConfigurationIsVisible = 0;
			defaultConfigurationName = Release;
		};
/* End XCConfigurationList section */
	};
	rootObject = F9C259B51D5A98FF00CF9DF3 /* Project object */;
}
